
Microsoft Visual Studio Solution File, Format Version 12.00
# Visual Studio Version 17
VisualStudioVersion = 17.14.36203.30 d17.14
MinimumVisualStudioVersion = 10.0.40219.1
Project("{FAE04EC0-301F-11D3-BF4B-00C04F79EFBC}") = "Api", "Api\Api.csproj", "{EC24ACCC-6F2D-4F61-BC80-628CA570F75C}"
EndProject
Global
	GlobalSection(SolutionConfigurationPlatforms) = preSolution
		Debug|Any CPU = Debug|Any CPU
		Release|Any CPU = Release|Any CPU
	EndGlobalSection
	GlobalSection(ProjectConfigurationPlatforms) = postSolution
		{EC24ACCC-6F2D-4F61-BC80-628CA570F75C}.Debug|Any CPU.ActiveCfg = Debug|Any CPU
		{EC24ACCC-6F2D-4F61-BC80-628CA570F75C}.Debug|Any CPU.Build.0 = Debug|Any CPU
		{EC24ACCC-6F2D-4F61-BC80-628CA570F75C}.Release|Any CPU.ActiveCfg = Release|Any CPU
		{EC24ACCC-6F2D-4F61-BC80-628CA570F75C}.Release|Any CPU.Build.0 = Release|Any CPU
	EndGlobalSection
	GlobalSection(SolutionProperties) = preSolution
		HideSolutionNode = FALSE
	EndGlobalSection
	GlobalSection(ExtensibilityGlobals) = postSolution
		SolutionGuid = {40D90EA8-4309-4EC0-986A-B2578B59B358}
	EndGlobalSection
EndGlobal
